<?xml version="1.0" encoding="UTF-8"?>
<Scheme
   LastUpgradeVersion = "0510"
   version = "1.7">
   <BuildAction
      parallelizeBuildables = "YES"
      buildImplicitDependencies = "YES">
      <PreActions>
         <ExecutionAction
            ActionType = "Xcode.IDEStandardExecutionActionsCore.ExecutionActionType.ShellScriptAction">
            <ActionContent
               title = "Run Script"
               scriptText = "declare -x BLD=&quot;dbg&quot;&#10;declare -x CC=&quot;mpicc&quot;&#10;declare -x CPATH=&quot;/opt/moose/tbb/include&quot;&#10;declare -x CPLUS_INCLUDE_PATH=&quot;/opt/moose/openmpi/openmpi-1.6.5/clang-opt/include:/opt/moose/clang/include:/opt/moose/openmp/include&quot;&#10;declare -x CPPUNIT_DIR=&quot;/opt/moose/cppunit-1.12.1/clang-opt&quot;&#10;declare -x CXX=&quot;mpicxx&quot;&#10;declare -x C_INCLUDE_PATH=&quot;/opt/moose/openmpi/openmpi-1.6.5/clang-opt/include:/opt/moose/clang/include:/opt/moose/openmp/include&quot;&#10;declare -x DYLD_LIBRARY_PATH=&quot;/opt/moose/PySide/shiboken-module/lib:/opt/moose/PySide/lib:/opt/moose/vtk/lib/vtk-5.10:/opt/moose/matplotlib/dependencies/freetype/lib:/opt/moose/graphviz/lib:/opt/moose/openmpi/openmpi-1.6.5/clang-opt/lib:/opt/moose/cppunit-1.12.1/clang-opt/lib:/opt/moose/clang/lib:/opt/moose/openmp/lib:/opt/moose/gcc_4.7.2/lib:/opt/moose/tbb/lib&quot;&#10;declare -x F77=&quot;mpif77&quot;&#10;declare -x F90=&quot;mpif90&quot;&#10;declare -x FC=&quot;mpif90&quot;&#10;declare -x FPATH=&quot;/opt/moose/openmpi/openmpi-1.6.5/clang-opt/include&quot;&#10;declare -x GCC_BIN=&quot;/opt/moose/gcc_4.7.2/bin&quot;&#10;declare -x GCC_LIB=&quot;/opt/moose/gcc_4.7.2/lib&quot;&#10;declare -x GCC_MAN=&quot;/opt/moose/gcc_4.7.2/share/man&quot;&#10;declare -x HYPRE_HOME=&quot;/opt/moose/hypre/openmpi_hypre-2.8.0b/clang-opt&quot;&#10;declare -x INCLUDE=&quot;/opt/moose/Qt4/include:/opt/moose/cppunit-1.12.1/clang-opt/include:/opt/moose/gcc_4.7.2/include/c++/4.7.2&quot;&#10;declare -x LIBRARY_PATH=&quot;/opt/moose/openmp/lib:/opt/moose/tbb/lib&quot;&#10;declare -x MPI_HOME=&quot;/opt/moose/openmpi/openmpi-1.6.5/clang-opt&quot;&#10;declare -x PATH=&quot;/opt/moose/PySide/shiboken-module/bin:/opt/moose/PySide/Tools/bin:/opt/moose/vtk/bin:/opt/moose/Qt4/bin:/opt/moose/distcc-3.2rc1/bin:/opt/moose/SEACAS/etc:/opt/moose/SEACAS/bin:/opt/moose/gnuplot/bin:/opt/moose/swig/bin:/opt/moose/pcre/bin:/opt/moose/lcov/usr/bin:/opt/moose/graphviz/bin:/opt/moose/doxygen/bin:/opt/moose/openmpi/openmpi-1.6.5/clang-opt/bin:/opt/moose/cppunit-1.12.1/clang-opt/bin:/opt/moose/clang/bin:/opt/moose/gcc_4.7.2/bin:/usr/bin:/bin:/usr/sbin:/sbin:/usr/local/bin:/opt/X11/bin:/usr/texbin&quot;&#10;declare -x PETSC_DIR=&quot;/opt/moose/petsc/openmpi_petsc-3.4.3/clang-opt&quot;&#10;declare -x PYTHONPATH=&quot;/opt/moose/PySide/lib/python2.7/site-packages:/opt/moose/PySide/shiboken-module/lib/python2.7/site-packages:/opt/moose/PySide/Tools/lib/python2.7/site-packages:/opt/moose/vtk/lib/python2.7/site-packages:/opt/moose/matplotlib/lib/python2.7/site-packages:/opt/moose/numpy/lib/python2.7/site-packages:/opt/moose/yaml/lib/python2.7/site-packages:/opt/moose/pyparsing/lib/python2.7/site-packages:/opt/moose/six/lib/python2.7/site-packages:/opt/moose/distcc-3.2rc1/lib/python2.6/site-packages&quot;&#10;">
            </ActionContent>
         </ExecutionAction>
      </PreActions>
      <BuildActionEntries>
         <BuildActionEntry
            buildForTesting = "YES"
            buildForRunning = "YES"
            buildForProfiling = "YES"
            buildForArchiving = "YES"
            buildForAnalyzing = "YES">
            <BuildableReference
               BuildableIdentifier = "primary"
               BlueprintIdentifier = "C79E148819C62DB500DCAC5F"
               BuildableName = "ewe-dbg"
               BlueprintName = "ewe-dbg"
               ReferencedContainer = "container:ewe.xcodeproj">
            </BuildableReference>
         </BuildActionEntry>
      </BuildActionEntries>
   </BuildAction>
   <TestAction
      selectedDebuggerIdentifier = "Xcode.DebuggerFoundation.Debugger.LLDB"
      selectedLauncherIdentifier = "Xcode.DebuggerFoundation.Launcher.LLDB"
      shouldUseLaunchSchemeArgsEnv = "YES"
      buildConfiguration = "Debug">
      <Testables>
      </Testables>
   </TestAction>
   <LaunchAction
      selectedDebuggerIdentifier = "Xcode.DebuggerFoundation.Debugger.LLDB"
      selectedLauncherIdentifier = "Xcode.DebuggerFoundation.Launcher.LLDB"
      launchStyle = "0"
      useCustomWorkingDirectory = "YES"
      customWorkingDirectory = "/Users/mathias/workspace/ewe/testruns"
      buildConfiguration = "Debug"
      ignoresPersistentStateOnLaunch = "NO"
      debugDocumentVersioning = "YES"
      allowLocationSimulation = "NO">
      <PathRunnable
         FilePath = "/Users/mathias/workspace/ewe/ewe-dbg">
      </PathRunnable>
      <CommandLineArguments>
         <CommandLineArgument
            argument = "-i 04-elastic_properties_newmark.i"
            isEnabled = "YES">
         </CommandLineArgument>
         <CommandLineArgument
            argument = "--no-color"
            isEnabled = "YES">
         </CommandLineArgument>
      </CommandLineArguments>
      <EnvironmentVariables>
         <EnvironmentVariable
            key = "LIBRARY_PATH"
            value = "/opt/moose/openmp/lib:/opt/moose/tbb/lib"
            isEnabled = "YES">
         </EnvironmentVariable>
         <EnvironmentVariable
            key = "DYLD_LIBRARY_PATH"
            value = "/opt/moose/PySide/shiboken-module/lib:/opt/moose/PySide/lib:/opt/moose/vtk/lib/vtk-5.10:/opt/moose/matplotlib/dependencies/freetype/lib:/opt/moose/graphviz/lib:/opt/moose/openmpi/openmpi-1.6.5/clang-opt/lib:/opt/moose/cppunit-1.12.1/clang-opt/lib:/opt/moose/clang/lib:/opt/moose/openmp/lib:/opt/moose/gcc_4.7.2/lib:/opt/moose/tbb/lib"
            isEnabled = "YES">
         </EnvironmentVariable>
      </EnvironmentVariables>
      <AdditionalOptions>
         <AdditionalOption
            key = "DYLD_INSERT_LIBRARIES"
            value = "/usr/lib/libgmalloc.dylib"
            isEnabled = "YES">
         </AdditionalOption>
         <AdditionalOption
            key = "MallocGuardEdges"
            value = ""
            isEnabled = "YES">
         </AdditionalOption>
      </AdditionalOptions>
      <LocationScenarioReference
         identifier = "com.apple.dt.IDEFoundation.CurrentLocationScenarioIdentifier"
         referenceType = "1">
      </LocationScenarioReference>
   </LaunchAction>
   <ProfileAction
      shouldUseLaunchSchemeArgsEnv = "YES"
      savedToolIdentifier = ""
      useCustomWorkingDirectory = "NO"
      buildConfiguration = "Release"
      debugDocumentVersioning = "YES">
   </ProfileAction>
   <AnalyzeAction
      buildConfiguration = "Debug">
   </AnalyzeAction>
   <ArchiveAction
      buildConfiguration = "Release"
      revealArchiveInOrganizer = "YES">
   </ArchiveAction>
</Scheme>
